{
  "name": "vibe-design-md-architect",
  "version": "1.9.1",
  "lockfileVersion": 3,
  "requires": true,
  "packages": {
    "": {
      "name": "vibe-design-md-architect",
      "version": "1.9.1",
      "license": "MIT",
      "bin": {
        "vdma": "bin/cli.js",
        "vibe-design-md-architect": "bin/cli.js"
      },
      "engines": {
        "node": ">=18.0.0"
      }
    }
  }
}
